// !$*UTF8*$!
{
	archiveVersion = 1;
	classes = {
	};
	objectVersion = 56;
	objects = {

/* Begin PBXBuildFile section */
		0B32DC9D28D421B20098EEB9 /* AppDelegate.swift in Sources */ = {isa = PBXBuildFile; fileRef = 0B32DC9C28D421B20098EEB9 /* AppDelegate.swift */; };
		0B32DC9F28D421B20098EEB9 /* SceneDelegate.swift in Sources */ = {isa = PBXBuildFile; fileRef = 0B32DC9E28D421B20098EEB9 /* SceneDelegate.swift */; };
		0B32DCA128D421B20098EEB9 /* ViewController1.swift in Sources */ = {isa = PBXBuildFile; fileRef = 0B32DCA028D421B20098EEB9 /* ViewController1.swift */; };
		0B32DCA428D421B20098EEB9 /* Main.storyboard in Resources */ = {isa = PBXBuildFile; fileRef = 0B32DCA228D421B20098EEB9 /* Main.storyboard */; };
		0B32DCA628D421C00098EEB9 /* Assets.xcassets in Resources */ = {isa = PBXBuildFile; fileRef = 0B32DCA528D421BF0098EEB9 /* Assets.xcassets */; };
		0B32DCA928D421C00098EEB9 /* LaunchScreen.storyboard in Resources */ = {isa = PBXBuildFile; fileRef = 0B32DCA728D421C00098EEB9 /* LaunchScreen.storyboard */; };
		0B32DCB428D421C00098EEB9 /* ChangeScreanTests.swift in Sources */ = {isa = PBXBuildFile; fileRef = 0B32DCB328D421C00098EEB9 /* ChangeScreanTests.swift */; };
		0B32DCBE28D421C00098EEB9 /* ChangeScreanUITests.swift in Sources */ = {isa = PBXBuildFile; fileRef = 0B32DCBD28D421C00098EEB9 /* ChangeScreanUITests.swift */; };
		0B32DCC028D421C00098EEB9 /* ChangeScreanUITestsLaunchTests.swift in Sources */ = {isa = PBXBuildFile; fileRef = 0B32DCBF28D421C00098EEB9 /* ChangeScreanUITestsLaunchTests.swift */; };
		0B32DCCF28D4308A0098EEB9 /* ViewController2.swift in Sources */ = {isa = PBXBuildFile; fileRef = 0B32DCCE28D4308A0098EEB9 /* ViewController2.swift */; };
		0B32DCD128D434DF0098EEB9 /* ViewController3.swift in Sources */ = {isa = PBXBuildFile; fileRef = 0B32DCD028D434DF0098EEB9 /* ViewController3.swift */; };
/* End PBXBuildFile section */

/* Begin PBXContainerItemProxy section */
		0B32DCB028D421C00098EEB9 /* PBXContainerItemProxy */ = {
			isa = PBXContainerItemProxy;
			containerPortal = 0B32DC9128D421B10098EEB9 /* Project object */;
			proxyType = 1;
			remoteGlobalIDString = 0B32DC9828D421B10098EEB9;
			remoteInfo = ChangeScrean;
		};
		0B32DCBA28D421C00098EEB9 /* PBXContainerItemProxy */ = {
			isa = PBXContainerItemProxy;
			containerPortal = 0B32DC9128D421B10098EEB9 /* Project object */;
			proxyType = 1;
			remoteGlobalIDString = 0B32DC9828D421B10098EEB9;
			remoteInfo = ChangeScrean;
		};
/* End PBXContainerItemProxy section */

/* Begin PBXFileReference section */
		0B32DC9928D421B10098EEB9 /* ChangeScrean.app */ = {isa = PBXFileReference; explicitFileType = wrapper.application; includeInIndex = 0; path = ChangeScrean.app; sourceTree = BUILT_PRODUCTS_DIR; };
		0B32DC9C28D421B20098EEB9 /* AppDelegate.swift */ = {isa = PBXFileReference; lastKnownFileType = sourcecode.swift; path = AppDelegate.swift; sourceTree = "<group>"; };
		0B32DC9E28D421B20098EEB9 /* SceneDelegate.swift */ = {isa = PBXFileReference; lastKnownFileType = sourcecode.swift; path = SceneDelegate.swift; sourceTree = "<group>"; };
		0B32DCA028D421B20098EEB9 /* ViewController1.swift */ = {isa = PBXFileReference; lastKnownFileType = sourcecode.swift; path = ViewController1.swift; sourceTree = "<group>"; };
		0B32DCA328D421B20098EEB9 /* Base */ = {isa = PBXFileReference; lastKnownFileType = file.storyboard; name = Base; path = Base.lproj/Main.storyboard; sourceTree = "<group>"; };
		0B32DCA528D421BF0098EEB9 /* Assets.xcassets */ = {isa = PBXFileReference; lastKnownFileType = folder.assetcatalog; path = Assets.xcassets; sourceTree = "<group>"; };
		0B32DCA828D421C00098EEB9 /* Base */ = {isa = PBXFileReference; lastKnownFileType = file.storyboard; name = Base; path = Base.lproj/LaunchScreen.storyboard; sourceTree = "<group>"; };
		0B32DCAA28D421C00098EEB9 /* Info.plist */ = {isa = PBXFileReference; lastKnownFileType = text.plist.xml; path = Info.plist; sourceTree = "<group>"; };
		0B32DCAF28D421C00098EEB9 /* ChangeScreanTests.xctest */ = {isa = PBXFileReference; explicitFileType = wrapper.cfbundle; includeInIndex = 0; path = ChangeScreanTests.xctest; sourceTree = BUILT_PRODUCTS_DIR; };
		0B32DCB328D421C00098EEB9 /* ChangeScreanTests.swift */ = {isa = PBXFileReference; lastKnownFileType = sourcecode.swift; path = ChangeScreanTests.swift; sourceTree = "<group>"; };
		0B32DCB928D421C00098EEB9 /* ChangeScreanUITests.xctest */ = {isa = PBXFileReference; explicitFileType = wrapper.cfbundle; includeInIndex = 0; path = ChangeScreanUITests.xctest; sourceTree = BUILT_PRODUCTS_DIR; };
		0B32DCBD28D421C00098EEB9 /* ChangeScreanUITests.swift */ = {isa = PBXFileReference; lastKnownFileType = sourcecode.swift; path = ChangeScreanUITests.swift; sourceTree = "<group>"; };
		0B32DCBF28D421C00098EEB9 /* ChangeScreanUITestsLaunchTests.swift */ = {isa = PBXFileReference; lastKnownFileType = sourcecode.swift; path = ChangeScreanUITestsLaunchTests.swift; sourceTree = "<group>"; };
		0B32DCCE28D4308A0098EEB9 /* ViewController2.swift */ = {isa = PBXFileReference; lastKnownFileType = sourcecode.swift; name = ViewController2.swift; path = ../ViewController2.swift; sourceTree = "<group>"; };
		0B32DCD028D434DF0098EEB9 /* ViewController3.swift */ = {isa = PBXFileReference; lastKnownFileType = sourcecode.swift; path = ViewController3.swift; sourceTree = "<group>"; };
/* End PBXFileReference section */

/* Begin PBXFrameworksBuildPhase section */
		0B32DC9628D421B10098EEB9 /* Frameworks */ = {
			isa = PBXFrameworksBuildPhase;
			buildActionMask = 2147483647;
			files = (
			);
			runOnlyForDeploymentPostprocessing = 0;
		};
		0B32DCAC28D421C00098EEB9 /* Frameworks */ = {
			isa = PBXFrameworksBuildPhase;
			buildActionMask = 2147483647;
			files = (
			);
			runOnlyForDeploymentPostprocessing = 0;
		};
		0B32DCB628D421C00098EEB9 /* Frameworks */ = {
			isa = PBXFrameworksBuildPhase;
			buildActionMask = 2147483647;
			files = (
			);
			runOnlyForDeploymentPostprocessing = 0;
		};
/* End PBXFrameworksBuildPhase section */

/* Begin PBXGroup section */
		0B32DC9028D421B10098EEB9 = {
			isa = PBXGroup;
			children = (
				0B32DC9B28D421B10098EEB9 /* ChangeScrean */,
				0B32DCB228D421C00098EEB9 /* ChangeScreanTests */,
				0B32DCBC28D421C00098EEB9 /* ChangeScreanUITests */,
				0B32DC9A28D421B10098EEB9 /* Products */,
			);
			sourceTree = "<group>";
		};
		0B32DC9A28D421B10098EEB9 /* Products */ = {
			isa = PBXGroup;
			children = (
				0B32DC9928D421B10098EEB9 /* ChangeScrean.app */,
				0B32DCAF28D421C00098EEB9 /* ChangeScreanTests.xctest */,
				0B32DCB928D421C00098EEB9 /* ChangeScreanUITests.xctest */,
			);
			name = Products;
			sourceTree = "<group>";
		};
		0B32DC9B28D421B10098EEB9 /* ChangeScrean */ = {
			isa = PBXGroup;
			children = (
				0B32DCCE28D4308A0098EEB9 /* ViewController2.swift */,
				0B32DCD028D434DF0098EEB9 /* ViewController3.swift */,
				0B32DC9C28D421B20098EEB9 /* AppDelegate.swift */,
				0B32DC9E28D421B20098EEB9 /* SceneDelegate.swift */,
				0B32DCA028D421B20098EEB9 /* ViewController1.swift */,
				0B32DCA228D421B20098EEB9 /* Main.storyboard */,
				0B32DCA528D421BF0098EEB9 /* Assets.xcassets */,
				0B32DCA728D421C00098EEB9 /* LaunchScreen.storyboard */,
				0B32DCAA28D421C00098EEB9 /* Info.plist */,
			);
			path = ChangeScrean;
			sourceTree = "<group>";
		};
		0B32DCB228D421C00098EEB9 /* ChangeScreanTests */ = {
			isa = PBXGroup;
			children = (
				0B32DCB328D421C00098EEB9 /* ChangeScreanTests.swift */,
			);
			path = ChangeScreanTests;
			sourceTree = "<group>";
		};
		0B32DCBC28D421C00098EEB9 /* ChangeScreanUITests */ = {
			isa = PBXGroup;
			children = (
				0B32DCBD28D421C00098EEB9 /* ChangeScreanUITests.swift */,
				0B32DCBF28D421C00098EEB9 /* ChangeScreanUITestsLaunchTests.swift */,
			);
			path = ChangeScreanUITests;
			sourceTree = "<group>";
		};
/* End PBXGroup section */

/* Begin PBXNativeTarget section */
		0B32DC9828D421B10098EEB9 /* ChangeScrean */ = {
			isa = PBXNativeTarget;
			buildConfigurationList = 0B32DCC328D421C00098EEB9 /* Build configuration list for PBXNativeTarget "ChangeScrean" */;
			buildPhases = (
				0B32DC9528D421B10098EEB9 /* Sources */,
				0B32DC9628D421B10098EEB9 /* Frameworks */,
				0B32DC9728D421B10098EEB9 /* Resources */,
			);
			buildRules = (
			);
			dependencies = (
			);
			name = ChangeScrean;
			productName = ChangeScrean;
			productReference = 0B32DC9928D421B10098EEB9 /* ChangeScrean.app */;
			productType = "com.apple.product-type.application";
		};
		0B32DCAE28D421C00098EEB9 /* ChangeScreanTests */ = {
			isa = PBXNativeTarget;
			buildConfigurationList = 0B32DCC628D421C00098EEB9 /* Build configuration list for PBXNativeTarget "ChangeScreanTests" */;
			buildPhases = (
				0B32DCAB28D421C00098EEB9 /* Sources */,
				0B32DCAC28D421C00098EEB9 /* Frameworks */,
				0B32DCAD28D421C00098EEB9 /* Resources */,
			);
			buildRules = (
			);
			dependencies = (
				0B32DCB128D421C00098EEB9 /* PBXTargetDependency */,
			);
			name = ChangeScreanTests;
			productName = ChangeScreanTests;
			productReference = 0B32DCAF28D421C00098EEB9 /* ChangeScreanTests.xctest */;
			productType = "com.apple.product-type.bundle.unit-test";
		};
		0B32DCB828D421C00098EEB9 /* ChangeScreanUITests */ = {
			isa = PBXNativeTarget;
			buildConfigurationList = 0B32DCC928D421C00098EEB9 /* Build configuration list for PBXNativeTarget "ChangeScreanUITests" */;
			buildPhases = (
				0B32DCB528D421C00098EEB9 /* Sources */,
				0B32DCB628D421C00098EEB9 /* Frameworks */,
				0B32DCB728D421C00098EEB9 /* Resources */,
			);
			buildRules = (
			);
			dependencies = (
				0B32DCBB28D421C00098EEB9 /* PBXTargetDependency */,
			);
			name = ChangeScreanUITests;
			productName = ChangeScreanUITests;
			productReference = 0B32DCB928D421C00098EEB9 /* ChangeScreanUITests.xctest */;
			productType = "com.apple.product-type.bundle.ui-testing";
		};
/* End PBXNativeTarget section */

/* Begin PBXProject section */
		0B32DC9128D421B10098EEB9 /* Project object */ = {
			isa = PBXProject;
			attributes = {
				BuildIndependentTargetsInParallel = 1;
				LastSwiftUpdateCheck = 1400;
				LastUpgradeCheck = 1400;
				TargetAttributes = {
					0B32DC9828D421B10098EEB9 = {
						CreatedOnToolsVersion = 14.0;
					};
					0B32DCAE28D421C00098EEB9 = {
						CreatedOnToolsVersion = 14.0;
						TestTargetID = 0B32DC9828D421B10098EEB9;
					};
					0B32DCB828D421C00098EEB9 = {
						CreatedOnToolsVersion = 14.0;
						TestTargetID = 0B32DC9828D421B10098EEB9;
					};
				};
			};
			buildConfigurationList = 0B32DC9428D421B10098EEB9 /* Build configuration list for PBXProject "ChangeScrean" */;
			compatibilityVersion = "Xcode 14.0";
			developmentRegion = en;
			hasScannedForEncodings = 0;
			knownRegions = (
				en,
				Base,
			);
			mainGroup = 0B32DC9028D421B10098EEB9;
			productRefGroup = 0B32DC9A28D421B10098EEB9 /* Products */;
			projectDirPath = "";
			projectRoot = "";
			targets = (
				0B32DC9828D421B10098EEB9 /* ChangeScrean */,
				0B32DCAE28D421C00098EEB9 /* ChangeScreanTests */,
				0B32DCB828D421C00098EEB9 /* ChangeScreanUITests */,
			);
		};
/* End PBXProject section */

/* Begin PBXResourcesBuildPhase section */
		0B32DC9728D421B10098EEB9 /* Resources */ = {
			isa = PBXResourcesBuildPhase;
			buildActionMask = 2147483647;
			files = (
				0B32DCA928D421C00098EEB9 /* LaunchScreen.storyboard in Resources */,
				0B32DCA628D421C00098EEB9 /* Assets.xcassets in Resources */,
				0B32DCA428D421B20098EEB9 /* Main.storyboard in Resources */,
			);
			runOnlyForDeploymentPostprocessing = 0;
		};
		0B32DCAD28D421C00098EEB9 /* Resources */ = {
			isa = PBXResourcesBuildPhase;
			buildActionMask = 2147483647;
			files = (
			);
			runOnlyForDeploymentPostprocessing = 0;
		};
		0B32DCB728D421C00098EEB9 /* Resources */ = {
			isa = PBXResourcesBuildPhase;
			buildActionMask = 2147483647;
			files = (
			);
			runOnlyForDeploymentPostprocessing = 0;
		};
/* End PBXResourcesBuildPhase section */

/* Begin PBXSourcesBuildPhase section */
		0B32DC9528D421B10098EEB9 /* Sources */ = {
			isa = PBXSourcesBuildPhase;
			buildActionMask = 2147483647;
			files = (
				0B32DCD128D434DF0098EEB9 /* ViewController3.swift in Sources */,
				0B32DCCF28D4308A0098EEB9 /* ViewController2.swift in Sources */,
				0B32DCA128D421B20098EEB9 /* ViewController1.swift in Sources */,
				0B32DC9D28D421B20098EEB9 /* AppDelegate.swift in Sources */,
				0B32DC9F28D421B20098EEB9 /* SceneDelegate.swift in Sources */,
			);
			runOnlyForDeploymentPostprocessing = 0;
		};
		0B32DCAB28D421C00098EEB9 /* Sources */ = {
			isa = PBXSourcesBuildPhase;
			buildActionMask = 2147483647;
			files = (
				0B32DCB428D421C00098EEB9 /* ChangeScreanTests.swift in Sources */,
			);
			runOnlyForDeploymentPostprocessing = 0;
		};
		0B32DCB528D421C00098EEB9 /* Sources */ = {
			isa = PBXSourcesBuildPhase;
			buildActionMask = 2147483647;
			files = (
				0B32DCC028D421C00098EEB9 /* ChangeScreanUITestsLaunchTests.swift in Sources */,
				0B32DCBE28D421C00098EEB9 /* ChangeScreanUITests.swift in Sources */,
			);
			runOnlyForDeploymentPostprocessing = 0;
		};
/* End PBXSourcesBuildPhase section */

/* Begin PBXTargetDependency section */
		0B32DCB128D421C00098EEB9 /* PBXTargetDependency */ = {
			isa = PBXTargetDependency;
			target = 0B32DC9828D421B10098EEB9 /* ChangeScrean */;
			targetProxy = 0B32DCB028D421C00098EEB9 /* PBXContainerItemProxy */;
		};
		0B32DCBB28D421C00098EEB9 /* PBXTargetDependency */ = {
			isa = PBXTargetDependency;
			target = 0B32DC9828D421B10098EEB9 /* ChangeScrean */;
			targetProxy = 0B32DCBA28D421C00098EEB9 /* PBXContainerItemProxy */;
		};
/* End PBXTargetDependency section */

/* Begin PBXVariantGroup section */
		0B32DCA228D421B20098EEB9 /* Main.storyboard */ = {
			isa = PBXVariantGroup;
			children = (
				0B32DCA328D421B20098EEB9 /* Base */,
			);
			name = Main.storyboard;
			sourceTree = "<group>";
		};
		0B32DCA728D421C00098EEB9 /* LaunchScreen.storyboard */ = {
			isa = PBXVariantGroup;
			children = (
				0B32DCA828D421C00098EEB9 /* Base */,
			);
			name = LaunchScreen.storyboard;
			sourceTree = "<group>";
		};
/* End PBXVariantGroup section */

/* Begin XCBuildConfiguration section */
		0B32DCC128D421C00098EEB9 /* Debug */ = {
			isa = XCBuildConfiguration;
			buildSettings = {
				ALWAYS_SEARCH_USER_PATHS = NO;
				CLANG_ANALYZER_NONNULL = YES;
				CLANG_ANALYZER_NUMBER_OBJECT_CONVERSION = YES_AGGRESSIVE;
				CLANG_CXX_LANGUAGE_STANDARD = "gnu++20";
				CLANG_ENABLE_MODULES = YES;
				CLANG_ENABLE_OBJC_ARC = YES;
				CLANG_ENABLE_OBJC_WEAK = YES;
				CLANG_WARN_BLOCK_CAPTURE_AUTORELEASING = YES;
				CLANG_WARN_BOOL_CONVERSION = YES;
				CLANG_WARN_COMMA = YES;
				CLANG_WARN_CONSTANT_CONVERSION = YES;
				CLANG_WARN_DEPRECATED_OBJC_IMPLEMENTATIONS = YES;
				CLANG_WARN_DIRECT_OBJC_ISA_USAGE = YES_ERROR;
				CLANG_WARN_DOCUMENTATION_COMMENTS = YES;
				CLANG_WARN_EMPTY_BODY = YES;
				CLANG_WARN_ENUM_CONVERSION = YES;
				CLANG_WARN_INFINITE_RECURSION = YES;
				CLANG_WARN_INT_CONVERSION = YES;
				CLANG_WARN_NON_LITERAL_NULL_CONVERSION = YES;
				CLANG_WARN_OBJC_IMPLICIT_RETAIN_SELF = YES;
				CLANG_WARN_OBJC_LITERAL_CONVERSION = YES;
				CLANG_WARN_OBJC_ROOT_CLASS = YES_ERROR;
				CLANG_WARN_QUOTED_INCLUDE_IN_FRAMEWORK_HEADER = YES;
				CLANG_WARN_RANGE_LOOP_ANALYSIS = YES;
				CLANG_WARN_STRICT_PROTOTYPES = YES;
				CLANG_WARN_SUSPICIOUS_MOVE = YES;
				CLANG_WARN_UNGUARDED_AVAILABILITY = YES_AGGRESSIVE;
				CLANG_WARN_UNREACHABLE_CODE = YES;
				CLANG_WARN__DUPLICATE_METHOD_MATCH = YES;
				COPY_PHASE_STRIP = NO;
				DEBUG_INFORMATION_FORMAT = dwarf;
				ENABLE_STRICT_OBJC_MSGSEND = YES;
				ENABLE_TESTABILITY = YES;
				GCC_C_LANGUAGE_STANDARD = gnu11;
				GCC_DYNAMIC_NO_PIC = NO;
				GCC_NO_COMMON_BLOCKS = YES;
				GCC_OPTIMIZATION_LEVEL = 0;
				GCC_PREPROCESSOR_DEFINITIONS = (
					"DEBUG=1",
					"$(inherited)",
				);
				GCC_WARN_64_TO_32_BIT_CONVERSION = YES;
				GCC_WARN_ABOUT_RETURN_TYPE = YES_ERROR;
				GCC_WARN_UNDECLARED_SELECTOR = YES;
				GCC_WARN_UNINITIALIZED_AUTOS = YES_AGGRESSIVE;
				GCC_WARN_UNUSED_FUNCTION = YES;
				GCC_WARN_UNUSED_VARIABLE = YES;
				IPHONEOS_DEPLOYMENT_TARGET = 16.0;
				MTL_ENABLE_DEBUG_INFO = INCLUDE_SOURCE;
				MTL_FAST_MATH = YES;
				ONLY_ACTIVE_ARCH = YES;
				SDKROOT = iphoneos;
				SWIFT_ACTIVE_COMPILATION_CONDITIONS = DEBUG;
				SWIFT_OPTIMIZATION_LEVEL = "-Onone";
			};
			name = Debug;
		};
		0B32DCC228D421C00098EEB9 /* Release */ = {
			isa = XCBuildConfiguration;
			buildSettings = {
				ALWAYS_SEARCH_USER_PATHS = NO;
				CLANG_ANALYZER_NONNULL = YES;
				CLANG_ANALYZER_NUMBER_OBJECT_CONVERSION = YES_AGGRESSIVE;
				CLANG_CXX_LANGUAGE_STANDARD = "gnu++20";
				CLANG_ENABLE_MODULES = YES;
				CLANG_ENABLE_OBJC_ARC = YES;
				CLANG_ENABLE_OBJC_WEAK = YES;
				CLANG_WARN_BLOCK_CAPTURE_AUTORELEASING = YES;
				CLANG_WARN_BOOL_CONVERSION = YES;
				CLANG_WARN_COMMA = YES;
				CLANG_WARN_CONSTANT_CONVERSION = YES;
				CLANG_WARN_DEPRECATED_OBJC_IMPLEMENTATIONS = YES;
				CLANG_WARN_DIRECT_OBJC_ISA_USAGE = YES_ERROR;
				CLANG_WARN_DOCUMENTATION_COMMENTS = YES;
				CLANG_WARN_EMPTY_BODY = YES;
				CLANG_WARN_ENUM_CONVERSION = YES;
				CLANG_WARN_INFINITE_RECURSION = YES;
				CLANG_WARN_INT_CONVERSION = YES;
				CLANG_WARN_NON_LITERAL_NULL_CONVERSION = YES;
				CLANG_WARN_OBJC_IMPLICIT_RETAIN_SELF = YES;
				CLANG_WARN_OBJC_LITERAL_CONVERSION = YES;
				CLANG_WARN_OBJC_ROOT_CLASS = YES_ERROR;
				CLANG_WARN_QUOTED_INCLUDE_IN_FRAMEWORK_HEADER = YES;
				CLANG_WARN_RANGE_LOOP_ANALYSIS = YES;
				CLANG_WARN_STRICT_PROTOTYPES = YES;
				CLANG_WARN_SUSPICIOUS_MOVE = YES;
				CLANG_WARN_UNGUARDED_AVAILABILITY = YES_AGGRESSIVE;
				CLANG_WARN_UNREACHABLE_CODE = YES;
				CLANG_WARN__DUPLICATE_METHOD_MATCH = YES;
				COPY_PHASE_STRIP = NO;
				DEBUG_INFORMATION_FORMAT = "dwarf-with-dsym";
				ENABLE_NS_ASSERTIONS = NO;
				ENABLE_STRICT_OBJC_MSGSEND = YES;
				GCC_C_LANGUAGE_STANDARD = gnu11;
				GCC_NO_COMMON_BLOCKS = YES;
				GCC_WARN_64_TO_32_BIT_CONVERSION = YES;
				GCC_WARN_ABOUT_RETURN_TYPE = YES_ERROR;
				GCC_WARN_UNDECLARED_SELECTOR = YES;
				GCC_WARN_UNINITIALIZED_AUTOS = YES_AGGRESSIVE;
				GCC_WARN_UNUSED_FUNCTION = YES;
				GCC_WARN_UNUSED_VARIABLE = YES;
				IPHONEOS_DEPLOYMENT_TARGET = 16.0;
				MTL_ENABLE_DEBUG_INFO = NO;
				MTL_FAST_MATH = YES;
				SDKROOT = iphoneos;
				SWIFT_COMPILATION_MODE = wholemodule;
				SWIFT_OPTIMIZATION_LEVEL = "-O";
				VALIDATE_PRODUCT = YES;
			};
			name = Release;
		};
		0B32DCC428D421C00098EEB9 /* Debug */ = {
			isa = XCBuildConfiguration;
			buildSettings = {
				ASSETCATALOG_COMPILER_APPICON_NAME = AppIcon;
				ASSETCATALOG_COMPILER_GLOBAL_ACCENT_COLOR_NAME = AccentColor;
				CODE_SIGN_STYLE = Automatic;
				CURRENT_PROJECT_VERSION = 1;
				DEVELOPMENT_TEAM = LQK8Y2JD9R;
				GENERATE_INFOPLIST_FILE = YES;
				INFOPLIST_FILE = ChangeScrean/Info.plist;
				INFOPLIST_KEY_UIApplicationSupportsIndirectInputEvents = YES;
				INFOPLIST_KEY_UILaunchStoryboardName = LaunchScreen;
				INFOPLIST_KEY_UIMainStoryboardFile = Main;
				INFOPLIST_KEY_UISupportedInterfaceOrientations_iPad = "UIInterfaceOrientationPortrait UIInterfaceOrientationPortraitUpsideDown UIInterfaceOrientationLandscapeLeft UIInterfaceOrientationLandscapeRight";
				INFOPLIST_KEY_UISupportedInterfaceOrientations_iPhone = "UIInterfaceOrientationPortrait UIInterfaceOrientationLandscapeLeft UIInterfaceOrientationLandscapeRight";
				LD_RUNPATH_SEARCH_PATHS = (
					"$(inherited)",
					"@executable_path/Frameworks",
				);
				MARKETING_VERSION = 1.0;
				PRODUCT_BUNDLE_IDENTIFIER = ata.ChangeScrean;
				PRODUCT_NAME = "$(TARGET_NAME)";
				SWIFT_EMIT_LOC_STRINGS = YES;
				SWIFT_VERSION = 5.0;
				TARGETED_DEVICE_FAMILY = "1,2";
			};
			name = Debug;
		};
		0B32DCC528D421C00098EEB9 /* Release */ = {
			isa = XCBuildConfiguration;
			buildSettings = {
				ASSETCATALOG_COMPILER_APPICON_NAME = AppIcon;
				ASSETCATALOG_COMPILER_GLOBAL_ACCENT_COLOR_NAME = AccentColor;
				CODE_SIGN_STYLE = Automatic;
				CURRENT_PROJECT_VERSION = 1;
				DEVELOPMENT_TEAM = LQK8Y2JD9R;
				GENERATE_INFOPLIST_FILE = YES;
				INFOPLIST_FILE = ChangeScrean/Info.plist;
				INFOPLIST_KEY_UIApplicationSupportsIndirectInputEvents = YES;
				INFOPLIST_KEY_UILaunchStoryboardName = LaunchScreen;
				INFOPLIST_KEY_UIMainStoryboardFile = Main;
				INFOPLIST_KEY_UISupportedInterfaceOrientations_iPad = "UIInterfaceOrientationPortrait UIInterfaceOrientationPortraitUpsideDown UIInterfaceOrientationLandscapeLeft UIInterfaceOrientationLandscapeRight";
				INFOPLIST_KEY_UISupportedInterfaceOrientations_iPhone = "UIInterfaceOrientationPortrait UIInterfaceOrientationLandscapeLeft UIInterfaceOrientationLandscapeRight";
				LD_RUNPATH_SEARCH_PATHS = (
					"$(inherited)",
					"@executable_path/Frameworks",
				);
				MARKETING_VERSION = 1.0;
				PRODUCT_BUNDLE_IDENTIFIER = ata.ChangeScrean;
				PRODUCT_NAME = "$(TARGET_NAME)";
				SWIFT_EMIT_LOC_STRINGS = YES;
				SWIFT_VERSION = 5.0;
				TARGETED_DEVICE_FAMILY = "1,2";
			};
			name = Release;
		};
		0B32DCC728D421C00098EEB9 /* Debug */ = {
			isa = XCBuildConfiguration;
			buildSettings = {
				ALWAYS_EMBED_SWIFT_STANDARD_LIBRARIES = YES;
				BUNDLE_LOADER = "$(TEST_HOST)";
				CODE_SIGN_STYLE = Automatic;
				CURRENT_PROJECT_VERSION = 1;
				DEVELOPMENT_TEAM = LQK8Y2JD9R;
				GENERATE_INFOPLIST_FILE = YES;
				IPHONEOS_DEPLOYMENT_TARGET = 16.0;
				MARKETING_VERSION = 1.0;
				PRODUCT_BUNDLE_IDENTIFIER = ata.ChangeScreanTests;
				PRODUCT_NAME = "$(TARGET_NAME)";
				SWIFT_EMIT_LOC_STRINGS = NO;
				SWIFT_VERSION = 5.0;
				TARGETED_DEVICE_FAMILY = "1,2";
				TEST_HOST = "$(BUILT_PRODUCTS_DIR)/ChangeScrean.app/$(BUNDLE_EXECUTABLE_FOLDER_PATH)/ChangeScrean";
			};
			name = Debug;
		};
		0B32DCC828D421C00098EEB9 /* Release */ = {
			isa = XCBuildConfiguration;
			buildSettings = {
				ALWAYS_EMBED_SWIFT_STANDARD_LIBRARIES = YES;
				BUNDLE_LOADER = "$(TEST_HOST)";
				CODE_SIGN_STYLE = Automatic;
				CURRENT_PROJECT_VERSION = 1;
				DEVELOPMENT_TEAM = LQK8Y2JD9R;
				GENERATE_INFOPLIST_FILE = YES;
				IPHONEOS_DEPLOYMENT_TARGET = 16.0;
				MARKETING_VERSION = 1.0;
				PRODUCT_BUNDLE_IDENTIFIER = ata.ChangeScreanTests;
				PRODUCT_NAME = "$(TARGET_NAME)";
				SWIFT_EMIT_LOC_STRINGS = NO;
				SWIFT_VERSION = 5.0;
				TARGETED_DEVICE_FAMILY = "1,2";
				TEST_HOST = "$(BUILT_PRODUCTS_DIR)/ChangeScrean.app/$(BUNDLE_EXECUTABLE_FOLDER_PATH)/ChangeScrean";
			};
			name = Release;
		};
		0B32DCCA28D421C00098EEB9 /* Debug */ = {
			isa = XCBuildConfiguration;
			buildSettings = {
				ALWAYS_EMBED_SWIFT_STANDARD_LIBRARIES = YES;
				CODE_SIGN_STYLE = Automatic;
				CURRENT_PROJECT_VERSION = 1;
				DEVELOPMENT_TEAM = LQK8Y2JD9R;
				GENERATE_INFOPLIST_FILE = YES;
				MARKETING_VERSION = 1.0;
				PRODUCT_BUNDLE_IDENTIFIER = ata.ChangeScreanUITests;
				PRODUCT_NAME = "$(TARGET_NAME)";
				SWIFT_EMIT_LOC_STRINGS = NO;
				SWIFT_VERSION = 5.0;
				TARGETED_DEVICE_FAMILY = "1,2";
				TEST_TARGET_NAME = ChangeScrean;
			};
			name = Debug;
		};
		0B32DCCB28D421C00098EEB9 /* Release */ = {
			isa = XCBuildConfiguration;
			buildSettings = {
				ALWAYS_EMBED_SWIFT_STANDARD_LIBRARIES = YES;
				CODE_SIGN_STYLE = Automatic;
				CURRENT_PROJECT_VERSION = 1;
				DEVELOPMENT_TEAM = LQK8Y2JD9R;
				GENERATE_INFOPLIST_FILE = YES;
				MARKETING_VERSION = 1.0;
				PRODUCT_BUNDLE_IDENTIFIER = ata.ChangeScreanUITests;
				PRODUCT_NAME = "$(TARGET_NAME)";
				SWIFT_EMIT_LOC_STRINGS = NO;
				SWIFT_VERSION = 5.0;
				TARGETED_DEVICE_FAMILY = "1,2";
				TEST_TARGET_NAME = ChangeScrean;
			};
			name = Release;
		};
/* End XCBuildConfiguration section */

/* Begin XCConfigurationList section */
		0B32DC9428D421B10098EEB9 /* Build configuration list for PBXProject "ChangeScrean" */ = {
			isa = XCConfigurationList;
			buildConfigurations = (
				0B32DCC128D421C00098EEB9 /* Debug */,
				0B32DCC228D421C00098EEB9 /* Release */,
			);
			defaultConfigurationIsVisible = 0;
			defaultConfigurationName = Release;
		};
		0B32DCC328D421C00098EEB9 /* Build configuration list for PBXNativeTarget "ChangeScrean" */ = {
			isa = XCConfigurationList;
			buildConfigurations = (
				0B32DCC428D421C00098EEB9 /* Debug */,
				0B32DCC528D421C00098EEB9 /* Release */,
			);
			defaultConfigurationIsVisible = 0;
			defaultConfigurationName = Release;
		};
		0B32DCC628D421C00098EEB9 /* Build configuration list for PBXNativeTarget "ChangeScreanTests" */ = {
			isa = XCConfigurationList;
			buildConfigurations = (
				0B32DCC728D421C00098EEB9 /* Debug */,
				0B32DCC828D421C00098EEB9 /* Release */,
			);
			defaultConfigurationIsVisible = 0;
			defaultConfigurationName = Release;
		};
		0B32DCC928D421C00098EEB9 /* Build configuration list for PBXNativeTarget "ChangeScreanUITests" */ = {
			isa = XCConfigurationList;
			buildConfigurations = (
				0B32DCCA28D421C00098EEB9 /* Debug */,
				0B32DCCB28D421C00098EEB9 /* Release */,
			);
			defaultConfigurationIsVisible = 0;
			defaultConfigurationName = Release;
		};
/* End XCConfigurationList section */
	};
	rootObject = 0B32DC9128D421B10098EEB9 /* Project object */;
}
